{
  "name": "rnaseq",
  "version": "1.0.0",
  "lockfileVersion": 1,
  "requires": true,
  "dependencies": {
    "hdf5": {
      "version": "0.3.5",
      "resolved": "https://registry.npmjs.org/hdf5/-/hdf5-0.3.5.tgz",
      "integrity": "sha512-GYoPvyO9BiaOtmw8syiRCH5V393rQiKB3sXAU2Zj7Ehj2bPEoIzARylFfac5DY62FeunrE3JHDFKApoTUQ0fIg=="
    },
    "is-typedarray": {
      "version": "1.0.0",
      "resolved": "https://registry.npmjs.org/is-typedarray/-/is-typedarray-1.0.0.tgz",
      "integrity": "sha1-5HnICFjfDBsR3dppQPlgEfzaSpo="
    },
    "typedarray-to-buffer": {
      "version": "3.1.5",
      "resolved": "https://registry.npmjs.org/typedarray-to-buffer/-/typedarray-to-buffer-3.1.5.tgz",
      "integrity": "sha512-zdu8XMNEDepKKR+XYOXAVPtWui0ly0NtohUscw+UmaHiAWT8hrV1rr//H6V+0DvJ3OQ19S979M0laLfX8rm82Q==",
      "requires": {
        "is-typedarray": "1.0.0"
      }
    }
  }
}
