{
  "name": "loompy",
  "version": "0.1.7",
  "lockfileVersion": 1,
  "requires": true,
  "dependencies": {
    "@romgrk/hdf5": {
      "version": "0.3.8",
      "resolved": "https://registry.npmjs.org/@romgrk/hdf5/-/hdf5-0.3.8.tgz",
      "integrity": "sha512-AhM3YzeXYu2ynhUIboUMcB1Zn2/Z130uItd0Nmv/BEFL8UPg5+FKqrD1FvmssmpjJMTF9CrAg3RRuUFHUR2kWQ==",
      "requires": {
        "nan": "2.14.0"
      }
    },
    "nan": {
      "version": "2.14.0",
      "resolved": "https://registry.npmjs.org/nan/-/nan-2.14.0.tgz",
      "integrity": "sha512-INOFj37C7k3AfaNTtX8RhsTw7qRy7eLET14cROi9+5HAVbbHuIWUHEauBv5qT4Av2tWasiTY1Jw6puUNqRJXQg=="
    }
  }
}
