{
  "name": "loompy",
  "version": "0.1.4",
  "lockfileVersion": 1,
  "requires": true,
  "dependencies": {
    "hdf5": {
      "version": "0.3.5",
      "resolved": "https://registry.npmjs.org/hdf5/-/hdf5-0.3.5.tgz",
      "integrity": "sha512-GYoPvyO9BiaOtmw8syiRCH5V393rQiKB3sXAU2Zj7Ehj2bPEoIzARylFfac5DY62FeunrE3JHDFKApoTUQ0fIg=="
    }
  }
}
